// !$*UTF8*$!
{
	archiveVersion = 1;
	classes = {
	};
	objectVersion = 46;
	objects = {

/* Begin PBXBuildFile section */
		DD7789371E0E882300DDF572 /* AppDelegate.swift in Sources */ = {isa = PBXBuildFile; fileRef = DD77892C1E0E882300DDF572 /* AppDelegate.swift */; };
		DD7789381E0E882300DDF572 /* Assets.xcassets in Resources */ = {isa = PBXBuildFile; fileRef = DD77892D1E0E882300DDF572 /* Assets.xcassets */; };
		DD7789391E0E882300DDF572 /* LaunchScreen.storyboard in Resources */ = {isa = PBXBuildFile; fileRef = DD77892E1E0E882300DDF572 /* LaunchScreen.storyboard */; };
		DD77893A1E0E882300DDF572 /* Main.storyboard in Resources */ = {isa = PBXBuildFile; fileRef = DD7789301E0E882300DDF572 /* Main.storyboard */; };
		DD77893B1E0E882300DDF572 /* GameoverScene.swift in Sources */ = {isa = PBXBuildFile; fileRef = DD7789321E0E882300DDF572 /* GameoverScene.swift */; };
		DD77893C1E0E882300DDF572 /* GameScene.sks in Resources */ = {isa = PBXBuildFile; fileRef = DD7789331E0E882300DDF572 /* GameScene.sks */; };
		DD77893D1E0E882300DDF572 /* GameScene.swift in Sources */ = {isa = PBXBuildFile; fileRef = DD7789341E0E882300DDF572 /* GameScene.swift */; };
		DD77893E1E0E882300DDF572 /* GameViewController.swift in Sources */ = {isa = PBXBuildFile; fileRef = DD7789351E0E882300DDF572 /* GameViewController.swift */; };
		DD77893F1E0E882300DDF572 /* Info.plist in Resources */ = {isa = PBXBuildFile; fileRef = DD7789361E0E882300DDF572 /* Info.plist */; };
		DDB8B0691E0E7A9A00F56C81 /* background-music-aac.caf in Resources */ = {isa = PBXBuildFile; fileRef = DDB8B0671E0E7A9A00F56C81 /* background-music-aac.caf */; };
		DDB8B06A1E0E7A9A00F56C81 /* pew-pew-lei.caf in Resources */ = {isa = PBXBuildFile; fileRef = DDB8B0681E0E7A9A00F56C81 /* pew-pew-lei.caf */; };
/* End PBXBuildFile section */

/* Begin PBXFileReference section */
		DD77892A1E0E880E00DDF572 /* NinjaIntro.app */ = {isa = PBXFileReference; explicitFileType = wrapper.application; includeInIndex = 0; path = NinjaIntro.app; sourceTree = BUILT_PRODUCTS_DIR; };
		DD77892C1E0E882300DDF572 /* AppDelegate.swift */ = {isa = PBXFileReference; fileEncoding = 4; lastKnownFileType = sourcecode.swift; path = AppDelegate.swift; sourceTree = "<group>"; };
		DD77892D1E0E882300DDF572 /* Assets.xcassets */ = {isa = PBXFileReference; lastKnownFileType = folder.assetcatalog; path = Assets.xcassets; sourceTree = "<group>"; };
		DD77892F1E0E882300DDF572 /* Base */ = {isa = PBXFileReference; lastKnownFileType = file.storyboard; name = Base; path = Base.lproj/LaunchScreen.storyboard; sourceTree = "<group>"; };
		DD7789311E0E882300DDF572 /* Base */ = {isa = PBXFileReference; lastKnownFileType = file.storyboard; name = Base; path = Base.lproj/Main.storyboard; sourceTree = "<group>"; };
		DD7789321E0E882300DDF572 /* GameoverScene.swift */ = {isa = PBXFileReference; fileEncoding = 4; lastKnownFileType = sourcecode.swift; path = GameoverScene.swift; sourceTree = "<group>"; };
		DD7789331E0E882300DDF572 /* GameScene.sks */ = {isa = PBXFileReference; lastKnownFileType = file.sks; path = GameScene.sks; sourceTree = "<group>"; };
		DD7789341E0E882300DDF572 /* GameScene.swift */ = {isa = PBXFileReference; fileEncoding = 4; lastKnownFileType = sourcecode.swift; path = GameScene.swift; sourceTree = "<group>"; };
		DD7789351E0E882300DDF572 /* GameViewController.swift */ = {isa = PBXFileReference; fileEncoding = 4; lastKnownFileType = sourcecode.swift; path = GameViewController.swift; sourceTree = "<group>"; };
		DD7789361E0E882300DDF572 /* Info.plist */ = {isa = PBXFileReference; fileEncoding = 4; lastKnownFileType = text.plist.xml; path = Info.plist; sourceTree = "<group>"; };
		DDB8B0671E0E7A9A00F56C81 /* background-music-aac.caf */ = {isa = PBXFileReference; lastKnownFileType = file; path = "background-music-aac.caf"; sourceTree = "<group>"; };
		DDB8B0681E0E7A9A00F56C81 /* pew-pew-lei.caf */ = {isa = PBXFileReference; lastKnownFileType = file; path = "pew-pew-lei.caf"; sourceTree = "<group>"; };
/* End PBXFileReference section */

/* Begin PBXFrameworksBuildPhase section */
		DD67F4BB1D98173600A6EAAF /* Frameworks */ = {
			isa = PBXFrameworksBuildPhase;
			buildActionMask = 2147483647;
			files = (
			);
			runOnlyForDeploymentPostprocessing = 0;
		};
/* End PBXFrameworksBuildPhase section */

/* Begin PBXGroup section */
		DD67F4B51D98173600A6EAAF = {
			isa = PBXGroup;
			children = (
				DD77892B1E0E882300DDF572 /* NinjaIntro */,
				DDB8B0661E0E7A9A00F56C81 /* Sounds */,
				DD77892A1E0E880E00DDF572 /* NinjaIntro.app */,
			);
			sourceTree = "<group>";
		};
		DD77892B1E0E882300DDF572 /* NinjaIntro */ = {
			isa = PBXGroup;
			children = (
				DD77892C1E0E882300DDF572 /* AppDelegate.swift */,
				DD77892D1E0E882300DDF572 /* Assets.xcassets */,
				DD77892E1E0E882300DDF572 /* LaunchScreen.storyboard */,
				DD7789301E0E882300DDF572 /* Main.storyboard */,
				DD7789321E0E882300DDF572 /* GameoverScene.swift */,
				DD7789331E0E882300DDF572 /* GameScene.sks */,
				DD7789341E0E882300DDF572 /* GameScene.swift */,
				DD7789351E0E882300DDF572 /* GameViewController.swift */,
				DD7789361E0E882300DDF572 /* Info.plist */,
			);
			path = NinjaIntro;
			sourceTree = "<group>";
		};
		DDB8B0661E0E7A9A00F56C81 /* Sounds */ = {
			isa = PBXGroup;
			children = (
				DDB8B0671E0E7A9A00F56C81 /* background-music-aac.caf */,
				DDB8B0681E0E7A9A00F56C81 /* pew-pew-lei.caf */,
			);
			path = Sounds;
			sourceTree = "<group>";
		};
/* End PBXGroup section */

/* Begin PBXNativeTarget section */
		DD67F4BD1D98173600A6EAAF /* NinjaIntro */ = {
			isa = PBXNativeTarget;
			buildConfigurationList = DD67F4D41D98173600A6EAAF /* Build configuration list for PBXNativeTarget "NinjaIntro" */;
			buildPhases = (
				DD67F4BA1D98173600A6EAAF /* Sources */,
				DD67F4BB1D98173600A6EAAF /* Frameworks */,
				DD67F4BC1D98173600A6EAAF /* Resources */,
			);
			buildRules = (
			);
			dependencies = (
			);
			name = NinjaIntro;
			productName = NinjaIntro;
			productReference = DD77892A1E0E880E00DDF572 /* NinjaIntro.app */;
			productType = "com.apple.product-type.application";
		};
/* End PBXNativeTarget section */

/* Begin PBXProject section */
		DD67F4B61D98173600A6EAAF /* Project object */ = {
			isa = PBXProject;
			attributes = {
				LastSwiftUpdateCheck = 0730;
				LastUpgradeCheck = 0800;
				ORGANIZATIONNAME = "Aditya Batura";
				TargetAttributes = {
					DD67F4BD1D98173600A6EAAF = {
						CreatedOnToolsVersion = 7.3.1;
						DevelopmentTeam = DSAP76ABQD;
						LastSwiftMigration = 0800;
					};
				};
			};
			buildConfigurationList = DD67F4B91D98173600A6EAAF /* Build configuration list for PBXProject "NinjaIntro" */;
			compatibilityVersion = "Xcode 3.2";
			developmentRegion = English;
			hasScannedForEncodings = 0;
			knownRegions = (
				en,
				Base,
			);
			mainGroup = DD67F4B51D98173600A6EAAF;
			productRefGroup = DD67F4B51D98173600A6EAAF;
			projectDirPath = "";
			projectRoot = "";
			targets = (
				DD67F4BD1D98173600A6EAAF /* NinjaIntro */,
			);
		};
/* End PBXProject section */

/* Begin PBXResourcesBuildPhase section */
		DD67F4BC1D98173600A6EAAF /* Resources */ = {
			isa = PBXResourcesBuildPhase;
			buildActionMask = 2147483647;
			files = (
				DDB8B0691E0E7A9A00F56C81 /* background-music-aac.caf in Resources */,
				DD77893A1E0E882300DDF572 /* Main.storyboard in Resources */,
				DD7789391E0E882300DDF572 /* LaunchScreen.storyboard in Resources */,
				DD7789381E0E882300DDF572 /* Assets.xcassets in Resources */,
				DD77893C1E0E882300DDF572 /* GameScene.sks in Resources */,
				DDB8B06A1E0E7A9A00F56C81 /* pew-pew-lei.caf in Resources */,
				DD77893F1E0E882300DDF572 /* Info.plist in Resources */,
			);
			runOnlyForDeploymentPostprocessing = 0;
		};
/* End PBXResourcesBuildPhase section */

/* Begin PBXSourcesBuildPhase section */
		DD67F4BA1D98173600A6EAAF /* Sources */ = {
			isa = PBXSourcesBuildPhase;
			buildActionMask = 2147483647;
			files = (
				DD77893E1E0E882300DDF572 /* GameViewController.swift in Sources */,
				DD77893D1E0E882300DDF572 /* GameScene.swift in Sources */,
				DD77893B1E0E882300DDF572 /* GameoverScene.swift in Sources */,
				DD7789371E0E882300DDF572 /* AppDelegate.swift in Sources */,
			);
			runOnlyForDeploymentPostprocessing = 0;
		};
/* End PBXSourcesBuildPhase section */

/* Begin PBXVariantGroup section */
		DD77892E1E0E882300DDF572 /* LaunchScreen.storyboard */ = {
			isa = PBXVariantGroup;
			children = (
				DD77892F1E0E882300DDF572 /* Base */,
			);
			name = LaunchScreen.storyboard;
			sourceTree = "<group>";
		};
		DD7789301E0E882300DDF572 /* Main.storyboard */ = {
			isa = PBXVariantGroup;
			children = (
				DD7789311E0E882300DDF572 /* Base */,
			);
			name = Main.storyboard;
			sourceTree = "<group>";
		};
/* End PBXVariantGroup section */

/* Begin XCBuildConfiguration section */
		DD67F4D21D98173600A6EAAF /* Debug */ = {
			isa = XCBuildConfiguration;
			buildSettings = {
				ALWAYS_SEARCH_USER_PATHS = NO;
				CLANG_ANALYZER_NONNULL = YES;
				CLANG_CXX_LANGUAGE_STANDARD = "gnu++0x";
				CLANG_CXX_LIBRARY = "libc++";
				CLANG_ENABLE_MODULES = YES;
				CLANG_ENABLE_OBJC_ARC = YES;
				CLANG_WARN_BOOL_CONVERSION = YES;
				CLANG_WARN_CONSTANT_CONVERSION = YES;
				CLANG_WARN_DIRECT_OBJC_ISA_USAGE = YES_ERROR;
				CLANG_WARN_EMPTY_BODY = YES;
				CLANG_WARN_ENUM_CONVERSION = YES;
				CLANG_WARN_INFINITE_RECURSION = YES;
				CLANG_WARN_INT_CONVERSION = YES;
				CLANG_WARN_OBJC_ROOT_CLASS = YES_ERROR;
				CLANG_WARN_SUSPICIOUS_MOVE = YES;
				CLANG_WARN_UNREACHABLE_CODE = YES;
				CLANG_WARN__DUPLICATE_METHOD_MATCH = YES;
				"CODE_SIGN_IDENTITY[sdk=iphoneos*]" = "iPhone Developer";
				COPY_PHASE_STRIP = NO;
				DEBUG_INFORMATION_FORMAT = "dwarf-with-dsym";
				ENABLE_STRICT_OBJC_MSGSEND = YES;
				ENABLE_TESTABILITY = YES;
				GCC_C_LANGUAGE_STANDARD = gnu99;
				GCC_DYNAMIC_NO_PIC = NO;
				GCC_NO_COMMON_BLOCKS = YES;
				GCC_OPTIMIZATION_LEVEL = 0;
				GCC_PREPROCESSOR_DEFINITIONS = (
					"DEBUG=1",
					"$(inherited)",
				);
				GCC_WARN_64_TO_32_BIT_CONVERSION = YES;
				GCC_WARN_ABOUT_RETURN_TYPE = YES_ERROR;
				GCC_WARN_UNDECLARED_SELECTOR = YES;
				GCC_WARN_UNINITIALIZED_AUTOS = YES_AGGRESSIVE;
				GCC_WARN_UNUSED_FUNCTION = YES;
				GCC_WARN_UNUSED_VARIABLE = YES;
				IPHONEOS_DEPLOYMENT_TARGET = 10.0;
				MTL_ENABLE_DEBUG_INFO = YES;
				ONLY_ACTIVE_ARCH = YES;
				SDKROOT = iphoneos;
				SWIFT_OPTIMIZATION_LEVEL = "-Onone";
			};
			name = Debug;
		};
		DD67F4D31D98173600A6EAAF /* Release */ = {
			isa = XCBuildConfiguration;
			buildSettings = {
				ALWAYS_SEARCH_USER_PATHS = NO;
				CLANG_ANALYZER_NONNULL = YES;
				CLANG_CXX_LANGUAGE_STANDARD = "gnu++0x";
				CLANG_CXX_LIBRARY = "libc++";
				CLANG_ENABLE_MODULES = YES;
				CLANG_ENABLE_OBJC_ARC = YES;
				CLANG_WARN_BOOL_CONVERSION = YES;
				CLANG_WARN_CONSTANT_CONVERSION = YES;
				CLANG_WARN_DIRECT_OBJC_ISA_USAGE = YES_ERROR;
				CLANG_WARN_EMPTY_BODY = YES;
				CLANG_WARN_ENUM_CONVERSION = YES;
				CLANG_WARN_INFINITE_RECURSION = YES;
				CLANG_WARN_INT_CONVERSION = YES;
				CLANG_WARN_OBJC_ROOT_CLASS = YES_ERROR;
				CLANG_WARN_SUSPICIOUS_MOVE = YES;
				CLANG_WARN_UNREACHABLE_CODE = YES;
				CLANG_WARN__DUPLICATE_METHOD_MATCH = YES;
				"CODE_SIGN_IDENTITY[sdk=iphoneos*]" = "iPhone Developer";
				COPY_PHASE_STRIP = NO;
				DEBUG_INFORMATION_FORMAT = "dwarf-with-dsym";
				ENABLE_NS_ASSERTIONS = NO;
				ENABLE_STRICT_OBJC_MSGSEND = YES;
				GCC_C_LANGUAGE_STANDARD = gnu99;
				GCC_NO_COMMON_BLOCKS = YES;
				GCC_WARN_64_TO_32_BIT_CONVERSION = YES;
				GCC_WARN_ABOUT_RETURN_TYPE = YES_ERROR;
				GCC_WARN_UNDECLARED_SELECTOR = YES;
				GCC_WARN_UNINITIALIZED_AUTOS = YES_AGGRESSIVE;
				GCC_WARN_UNUSED_FUNCTION = YES;
				GCC_WARN_UNUSED_VARIABLE = YES;
				IPHONEOS_DEPLOYMENT_TARGET = 10.0;
				MTL_ENABLE_DEBUG_INFO = NO;
				SDKROOT = iphoneos;
				SWIFT_OPTIMIZATION_LEVEL = "-Owholemodule";
				VALIDATE_PRODUCT = YES;
			};
			name = Release;
		};
		DD67F4D51D98173600A6EAAF /* Debug */ = {
			isa = XCBuildConfiguration;
			buildSettings = {
				ASSETCATALOG_COMPILER_APPICON_NAME = AppIcon;
				ASSETCATALOG_COMPILER_LAUNCHIMAGE_NAME = LaunchImage;
				CODE_SIGN_IDENTITY = "iPhone Developer";
				"CODE_SIGN_IDENTITY[sdk=iphoneos*]" = "iPhone Developer";
				INFOPLIST_FILE = NinjaIntro/Info.plist;
				IPHONEOS_DEPLOYMENT_TARGET = 10.0;
				LD_RUNPATH_SEARCH_PATHS = "$(inherited) @executable_path/Frameworks";
				PRODUCT_BUNDLE_IDENTIFIER = adityabatura.NinjaIntro;
				PRODUCT_NAME = "$(TARGET_NAME)";
				PROVISIONING_PROFILE = "";
				SWIFT_VERSION = 3.0;
			};
			name = Debug;
		};
		DD67F4D61D98173600A6EAAF /* Release */ = {
			isa = XCBuildConfiguration;
			buildSettings = {
				ASSETCATALOG_COMPILER_APPICON_NAME = AppIcon;
				ASSETCATALOG_COMPILER_LAUNCHIMAGE_NAME = LaunchImage;
				CODE_SIGN_IDENTITY = "iPhone Developer";
				"CODE_SIGN_IDENTITY[sdk=iphoneos*]" = "iPhone Developer";
				INFOPLIST_FILE = NinjaIntro/Info.plist;
				IPHONEOS_DEPLOYMENT_TARGET = 10.0;
				LD_RUNPATH_SEARCH_PATHS = "$(inherited) @executable_path/Frameworks";
				PRODUCT_BUNDLE_IDENTIFIER = adityabatura.NinjaIntro;
				PRODUCT_NAME = "$(TARGET_NAME)";
				PROVISIONING_PROFILE = "";
				SWIFT_VERSION = 3.0;
			};
			name = Release;
		};
/* End XCBuildConfiguration section */

/* Begin XCConfigurationList section */
		DD67F4B91D98173600A6EAAF /* Build configuration list for PBXProject "NinjaIntro" */ = {
			isa = XCConfigurationList;
			buildConfigurations = (
				DD67F4D21D98173600A6EAAF /* Debug */,
				DD67F4D31D98173600A6EAAF /* Release */,
			);
			defaultConfigurationIsVisible = 0;
			defaultConfigurationName = Release;
		};
		DD67F4D41D98173600A6EAAF /* Build configuration list for PBXNativeTarget "NinjaIntro" */ = {
			isa = XCConfigurationList;
			buildConfigurations = (
				DD67F4D51D98173600A6EAAF /* Debug */,
				DD67F4D61D98173600A6EAAF /* Release */,
			);
			defaultConfigurationIsVisible = 0;
			defaultConfigurationName = Release;
		};
/* End XCConfigurationList section */
	};
	rootObject = DD67F4B61D98173600A6EAAF /* Project object */;
}
